
Microsoft Visual Studio Solution File, Format Version 12.00
# Visual Studio Express 2013 for Web
VisualStudioVersion = 12.0.30723.0
MinimumVisualStudioVersion = 10.0.40219.1
Project("{2150E333-8FDC-42A3-9474-1A3956D46DE8}") = "build", "build", "{038CA08D-5CAC-42B4-B904-06031E1BBE72}"
	ProjectSection(SolutionItems) = preProject
		builder\Gruntfile.js = builder\Gruntfile.js
		builder\Server.js = builder\Server.js
		builder\Setup.js = builder\Setup.js
	EndProjectSection
EndProject
Project("{2150E333-8FDC-42A3-9474-1A3956D46DE8}") = "app", "app", "{3AA521C1-195C-4A52-A198-5E74BB9EB4D8}"
	ProjectSection(SolutionItems) = preProject
		builder\package.json = builder\package.json
	EndProjectSection
EndProject
Project("{2150E333-8FDC-42A3-9474-1A3956D46DE8}") = "src", "src", "{E0D09E2F-E3E5-4592-A376-ECB08CAA250C}"
EndProject
Project("{E24C65DC-7377-472B-9ABA-BC803B73C61A}") = "web", "http://localhost:50030", "{1E8A9FAC-A6CA-4177-AAD8-9B5D54374EE1}"
	ProjectSection(WebsiteProperties) = preProject
		UseIISExpress = "true"
		TargetFrameworkMoniker = ".NETFramework,Version%3Dv4.0"
		Debug.AspNetCompiler.VirtualPath = "/localhost_50030"
		Debug.AspNetCompiler.PhysicalPath = "web\"
		Debug.AspNetCompiler.TargetPath = "PrecompiledWeb\localhost_50030\"
		Debug.AspNetCompiler.Updateable = "true"
		Debug.AspNetCompiler.ForceOverwrite = "true"
		Debug.AspNetCompiler.FixedNames = "false"
		Debug.AspNetCompiler.Debug = "True"
		Release.AspNetCompiler.VirtualPath = "/localhost_50030"
		Release.AspNetCompiler.PhysicalPath = "web\"
		Release.AspNetCompiler.TargetPath = "PrecompiledWeb\localhost_50030\"
		Release.AspNetCompiler.Updateable = "true"
		Release.AspNetCompiler.ForceOverwrite = "true"
		Release.AspNetCompiler.FixedNames = "false"
		Release.AspNetCompiler.Debug = "False"
		SlnRelativePath = "web\"
	EndProjectSection
EndProject
Project("{2150E333-8FDC-42A3-9474-1A3956D46DE8}") = "angular", "angular", "{C5E9870A-A07C-4B3D-9904-3D5F6653C66D}"
EndProject
Project("{2150E333-8FDC-42A3-9474-1A3956D46DE8}") = "node", "node", "{95171BE4-02D1-487C-928F-469578B68BA1}"
EndProject
Project("{9092AA53-FB77-4645-B42D-1CCCA6BD08BD}") = "prototyped.node", "prototyped.node\prototyped.node.njsproj", "{5980A535-612C-4A86-80B7-886F5A26D1A3}"
EndProject
Project("{FAE04EC0-301F-11D3-BF4B-00C04F79EFBC}") = "prototyped.ng", "prototyped.ng\prototyped.ng.csproj", "{42656789-35A8-4BCF-B2B0-8454A32A1DB5}"
EndProject
Project("{FAE04EC0-301F-11D3-BF4B-00C04F79EFBC}") = "prototyped.ng.samples", "prototyped.ng.samples\prototyped.ng.samples.csproj", "{EEFED0D7-A24E-4EAC-8421-8F6C809B8997}"
EndProject
Project("{FAE04EC0-301F-11D3-BF4B-00C04F79EFBC}") = "prototyped.ng.features", "prototyped.ng.features\prototyped.ng.features.csproj", "{097E61AD-1A41-43CC-8269-37F2EAD927EA}"
EndProject
Global
	GlobalSection(SolutionConfigurationPlatforms) = preSolution
		Debug|Any CPU = Debug|Any CPU
		Release|Any CPU = Release|Any CPU
	EndGlobalSection
	GlobalSection(ProjectConfigurationPlatforms) = postSolution
		{1E8A9FAC-A6CA-4177-AAD8-9B5D54374EE1}.Debug|Any CPU.ActiveCfg = Debug|Any CPU
		{1E8A9FAC-A6CA-4177-AAD8-9B5D54374EE1}.Debug|Any CPU.Build.0 = Debug|Any CPU
		{1E8A9FAC-A6CA-4177-AAD8-9B5D54374EE1}.Release|Any CPU.ActiveCfg = Debug|Any CPU
		{1E8A9FAC-A6CA-4177-AAD8-9B5D54374EE1}.Release|Any CPU.Build.0 = Debug|Any CPU
		{5980A535-612C-4A86-80B7-886F5A26D1A3}.Debug|Any CPU.ActiveCfg = Debug|Any CPU
		{5980A535-612C-4A86-80B7-886F5A26D1A3}.Debug|Any CPU.Build.0 = Debug|Any CPU
		{5980A535-612C-4A86-80B7-886F5A26D1A3}.Release|Any CPU.ActiveCfg = Release|Any CPU
		{5980A535-612C-4A86-80B7-886F5A26D1A3}.Release|Any CPU.Build.0 = Release|Any CPU
		{42656789-35A8-4BCF-B2B0-8454A32A1DB5}.Debug|Any CPU.ActiveCfg = Debug|Any CPU
		{42656789-35A8-4BCF-B2B0-8454A32A1DB5}.Debug|Any CPU.Build.0 = Debug|Any CPU
		{42656789-35A8-4BCF-B2B0-8454A32A1DB5}.Release|Any CPU.ActiveCfg = Release|Any CPU
		{42656789-35A8-4BCF-B2B0-8454A32A1DB5}.Release|Any CPU.Build.0 = Release|Any CPU
		{EEFED0D7-A24E-4EAC-8421-8F6C809B8997}.Debug|Any CPU.ActiveCfg = Debug|Any CPU
		{EEFED0D7-A24E-4EAC-8421-8F6C809B8997}.Debug|Any CPU.Build.0 = Debug|Any CPU
		{EEFED0D7-A24E-4EAC-8421-8F6C809B8997}.Release|Any CPU.ActiveCfg = Release|Any CPU
		{EEFED0D7-A24E-4EAC-8421-8F6C809B8997}.Release|Any CPU.Build.0 = Release|Any CPU
		{097E61AD-1A41-43CC-8269-37F2EAD927EA}.Debug|Any CPU.ActiveCfg = Debug|Any CPU
		{097E61AD-1A41-43CC-8269-37F2EAD927EA}.Debug|Any CPU.Build.0 = Debug|Any CPU
		{097E61AD-1A41-43CC-8269-37F2EAD927EA}.Release|Any CPU.ActiveCfg = Release|Any CPU
		{097E61AD-1A41-43CC-8269-37F2EAD927EA}.Release|Any CPU.Build.0 = Release|Any CPU
	EndGlobalSection
	GlobalSection(SolutionProperties) = preSolution
		HideSolutionNode = FALSE
	EndGlobalSection
	GlobalSection(NestedProjects) = preSolution
		{C5E9870A-A07C-4B3D-9904-3D5F6653C66D} = {E0D09E2F-E3E5-4592-A376-ECB08CAA250C}
		{95171BE4-02D1-487C-928F-469578B68BA1} = {E0D09E2F-E3E5-4592-A376-ECB08CAA250C}
		{5980A535-612C-4A86-80B7-886F5A26D1A3} = {95171BE4-02D1-487C-928F-469578B68BA1}
		{42656789-35A8-4BCF-B2B0-8454A32A1DB5} = {C5E9870A-A07C-4B3D-9904-3D5F6653C66D}
		{EEFED0D7-A24E-4EAC-8421-8F6C809B8997} = {C5E9870A-A07C-4B3D-9904-3D5F6653C66D}
		{097E61AD-1A41-43CC-8269-37F2EAD927EA} = {C5E9870A-A07C-4B3D-9904-3D5F6653C66D}
	EndGlobalSection
EndGlobal
